
Microsoft Visual Studio Solution File, Format Version 12.00
# Visual Studio Version 17
VisualStudioVersion = 17.1.32421.90
MinimumVisualStudioVersion = 10.0.40219.1
Project("{8BC9CEB8-8B4A-11D0-8D11-00A0C91BC942}") = "windep", "windep\windep.vcxproj", "{5B981913-1849-4A67-87A6-C5A5C1BBCD3D}"
EndProject
Project("{8BC9CEB8-8B4A-11D0-8D11-00A0C91BC942}") = "tests", "tests\tests.vcxproj", "{DF533081-CDC0-4C6D-AAFD-2FDCD3846C4A}"
EndProject
Global
	GlobalSection(SolutionConfigurationPlatforms) = preSolution
		Debug|ARM64 = Debug|ARM64
		Debug|x64 = Debug|x64
		Debug|x86 = Debug|x86
		Release|ARM64 = Release|ARM64
		Release|x64 = Release|x64
		Release|x86 = Release|x86
		Release-static|ARM64 = Release-static|ARM64
		Release-static|x64 = Release-static|x64
		Release-static|x86 = Release-static|x86
	EndGlobalSection
	GlobalSection(ProjectConfigurationPlatforms) = postSolution
		{5B981913-1849-4A67-87A6-C5A5C1BBCD3D}.Debug|ARM64.ActiveCfg = Debug|ARM64
		{5B981913-1849-4A67-87A6-C5A5C1BBCD3D}.Debug|ARM64.Build.0 = Debug|ARM64
		{5B981913-1849-4A67-87A6-C5A5C1BBCD3D}.Debug|x64.ActiveCfg = Debug|x64
		{5B981913-1849-4A67-87A6-C5A5C1BBCD3D}.Debug|x64.Build.0 = Debug|x64
		{5B981913-1849-4A67-87A6-C5A5C1BBCD3D}.Debug|x86.ActiveCfg = Debug|Win32
		{5B981913-1849-4A67-87A6-C5A5C1BBCD3D}.Debug|x86.Build.0 = Debug|Win32
		{5B981913-1849-4A67-87A6-C5A5C1BBCD3D}.Release|ARM64.ActiveCfg = Release|ARM64
		{5B981913-1849-4A67-87A6-C5A5C1BBCD3D}.Release|ARM64.Build.0 = Release|ARM64
		{5B981913-1849-4A67-87A6-C5A5C1BBCD3D}.Release|x64.ActiveCfg = Release|x64
		{5B981913-1849-4A67-87A6-C5A5C1BBCD3D}.Release|x64.Build.0 = Release|x64
		{5B981913-1849-4A67-87A6-C5A5C1BBCD3D}.Release|x86.ActiveCfg = Release|Win32
		{5B981913-1849-4A67-87A6-C5A5C1BBCD3D}.Release|x86.Build.0 = Release|Win32
		{5B981913-1849-4A67-87A6-C5A5C1BBCD3D}.Release-static|ARM64.ActiveCfg = Release-static|ARM64
		{5B981913-1849-4A67-87A6-C5A5C1BBCD3D}.Release-static|ARM64.Build.0 = Release-static|ARM64
		{5B981913-1849-4A67-87A6-C5A5C1BBCD3D}.Release-static|x64.ActiveCfg = Release-static|x64
		{5B981913-1849-4A67-87A6-C5A5C1BBCD3D}.Release-static|x64.Build.0 = Release-static|x64
		{5B981913-1849-4A67-87A6-C5A5C1BBCD3D}.Release-static|x86.ActiveCfg = Release-static|Win32
		{5B981913-1849-4A67-87A6-C5A5C1BBCD3D}.Release-static|x86.Build.0 = Release-static|Win32
		{DF533081-CDC0-4C6D-AAFD-2FDCD3846C4A}.Debug|ARM64.ActiveCfg = Debug|x64
		{DF533081-CDC0-4C6D-AAFD-2FDCD3846C4A}.Debug|ARM64.Build.0 = Debug|x64
		{DF533081-CDC0-4C6D-AAFD-2FDCD3846C4A}.Debug|x64.ActiveCfg = Debug|x64
		{DF533081-CDC0-4C6D-AAFD-2FDCD3846C4A}.Debug|x64.Build.0 = Debug|x64
		{DF533081-CDC0-4C6D-AAFD-2FDCD3846C4A}.Debug|x86.ActiveCfg = Debug|Win32
		{DF533081-CDC0-4C6D-AAFD-2FDCD3846C4A}.Debug|x86.Build.0 = Debug|Win32
		{DF533081-CDC0-4C6D-AAFD-2FDCD3846C4A}.Release|ARM64.ActiveCfg = Release|x64
		{DF533081-CDC0-4C6D-AAFD-2FDCD3846C4A}.Release|ARM64.Build.0 = Release|x64
		{DF533081-CDC0-4C6D-AAFD-2FDCD3846C4A}.Release|x64.ActiveCfg = Release|x64
		{DF533081-CDC0-4C6D-AAFD-2FDCD3846C4A}.Release|x64.Build.0 = Release|x64
		{DF533081-CDC0-4C6D-AAFD-2FDCD3846C4A}.Release|x86.ActiveCfg = Release|Win32
		{DF533081-CDC0-4C6D-AAFD-2FDCD3846C4A}.Release|x86.Build.0 = Release|Win32
		{DF533081-CDC0-4C6D-AAFD-2FDCD3846C4A}.Release-static|ARM64.ActiveCfg = Release|x64
		{DF533081-CDC0-4C6D-AAFD-2FDCD3846C4A}.Release-static|ARM64.Build.0 = Release|x64
		{DF533081-CDC0-4C6D-AAFD-2FDCD3846C4A}.Release-static|x64.ActiveCfg = Release|x64
		{DF533081-CDC0-4C6D-AAFD-2FDCD3846C4A}.Release-static|x64.Build.0 = Release|x64
		{DF533081-CDC0-4C6D-AAFD-2FDCD3846C4A}.Release-static|x86.ActiveCfg = Release|Win32
		{DF533081-CDC0-4C6D-AAFD-2FDCD3846C4A}.Release-static|x86.Build.0 = Release|Win32
	EndGlobalSection
	GlobalSection(SolutionProperties) = preSolution
		HideSolutionNode = FALSE
	EndGlobalSection
	GlobalSection(ExtensibilityGlobals) = postSolution
		SolutionGuid = {410B7123-A9FC-4800-A98D-83838FDC482D}
	EndGlobalSection
EndGlobal
